# @generated - this file is auto-generated by `mise lock` https://mise.en.dev/dev-tools/mise-lock.html

[[tools.aube]]
version = "1.9.1"
backend = "github:endevco/aube"

[tools.aube."platforms.linux-arm64"]
checksum = "sha256:5b8c6c73a6f3e84d1b978f62d4d2465e080a7e0e38465d7ce7fa038d4e773178"
url = "https://github.com/endevco/aube/releases/download/v1.9.1/aube-v1.9.1-aarch64-unknown-linux-gnu.tar.gz"
url_api = "https://api.github.com/repos/endevco/aube/releases/assets/413927279"
provenance = "github-attestations"

[tools.aube."platforms.linux-arm64-musl"]
checksum = "sha256:dc41bbde80afff2fb03237f5cabc3111d2d9c10b6d2909f41450d2511575a677"
url = "https://github.com/endevco/aube/releases/download/v1.9.1/aube-v1.9.1-aarch64-unknown-linux-musl.tar.gz"
url_api = "https://api.github.com/repos/endevco/aube/releases/assets/413927033"
provenance = "github-attestations"

[tools.aube."platforms.linux-x64"]
checksum = "sha256:f921773be555e382ba4ed16ce5e38dbdb0dbb70861476b4235c2c4b3432d7f01"
url = "https://github.com/endevco/aube/releases/download/v1.9.1/aube-v1.9.1-x86_64-unknown-linux-gnu.tar.gz"
url_api = "https://api.github.com/repos/endevco/aube/releases/assets/413927617"
provenance = "github-attestations"

[tools.aube."platforms.linux-x64-baseline"]
checksum = "sha256:f921773be555e382ba4ed16ce5e38dbdb0dbb70861476b4235c2c4b3432d7f01"
url = "https://github.com/endevco/aube/releases/download/v1.9.1/aube-v1.9.1-x86_64-unknown-linux-gnu.tar.gz"
url_api = "https://api.github.com/repos/endevco/aube/releases/assets/413927617"
provenance = "github-attestations"

[tools.aube."platforms.linux-x64-musl"]
checksum = "sha256:354d60237715fb90ae9010759cc0942c0fdf6a2895b3b8d11133ebab6e6611c2"
url = "https://github.com/endevco/aube/releases/download/v1.9.1/aube-v1.9.1-x86_64-unknown-linux-musl.tar.gz"
url_api = "https://api.github.com/repos/endevco/aube/releases/assets/413927618"
provenance = "github-attestations"

[tools.aube."platforms.linux-x64-musl-baseline"]
checksum = "sha256:354d60237715fb90ae9010759cc0942c0fdf6a2895b3b8d11133ebab6e6611c2"
url = "https://github.com/endevco/aube/releases/download/v1.9.1/aube-v1.9.1-x86_64-unknown-linux-musl.tar.gz"
url_api = "https://api.github.com/repos/endevco/aube/releases/assets/413927618"
provenance = "github-attestations"

[tools.aube."platforms.macos-arm64"]
checksum = "sha256:080059d65daf5273cf3cc211c1820b822a17972446466afdd5de3980b39cb7cf"
url = "https://github.com/endevco/aube/releases/download/v1.9.1/aube-v1.9.1-aarch64-apple-darwin.tar.gz"
url_api = "https://api.github.com/repos/endevco/aube/releases/assets/413929094"
provenance = "github-attestations"

[tools.aube."platforms.windows-x64"]
checksum = "sha256:1383611a0680b34b0f26db9adc1bd716d2b2b257b9d3e0506449f01c83df580a"
url = "https://github.com/endevco/aube/releases/download/v1.9.1/aube-v1.9.1-x86_64-pc-windows-msvc.zip"
url_api = "https://api.github.com/repos/endevco/aube/releases/assets/413940844"
provenance = "github-attestations"

[tools.aube."platforms.windows-x64-baseline"]
checksum = "sha256:1383611a0680b34b0f26db9adc1bd716d2b2b257b9d3e0506449f01c83df580a"
url = "https://github.com/endevco/aube/releases/download/v1.9.1/aube-v1.9.1-x86_64-pc-windows-msvc.zip"
url_api = "https://api.github.com/repos/endevco/aube/releases/assets/413940844"
provenance = "github-attestations"

[[tools.bun]]
version = "1.3.13"
backend = "core:bun"

[tools.bun."platforms.linux-arm64"]
checksum = "sha256:70bae41b3908b0a120e1e58c5c8af30e74afae3b8d11b0d3fdd8e787ddfb4b22"
url = "https://github.com/oven-sh/bun/releases/download/bun-v1.3.13/bun-linux-aarch64.zip"

[tools.bun."platforms.linux-arm64-musl"]
checksum = "sha256:5385e978107ce4934298d8d6afe9bfbb898683f6cc23e6753a0da60bc60c5b81"
url = "https://github.com/oven-sh/bun/releases/download/bun-v1.3.13/bun-linux-aarch64-musl.zip"

[tools.bun."platforms.linux-x64"]
checksum = "sha256:79c0771fa8b92c33aae41e15a0e0d307ea99d0e2f00317c71c6c53237a78e25a"
url = "https://github.com/oven-sh/bun/releases/download/bun-v1.3.13/bun-linux-x64.zip"

[tools.bun."platforms.linux-x64-baseline"]
checksum = "sha256:9d8a24292a7068090205daac0a5a223f5f69736f5287e37bf88d3b4031edc750"
url = "https://github.com/oven-sh/bun/releases/download/bun-v1.3.13/bun-linux-x64-baseline.zip"

[tools.bun."platforms.linux-x64-musl"]
checksum = "sha256:5b91a48f0b00df9fd2da8bff1a795d2659d842da966432969203f25da19d1c74"
url = "https://github.com/oven-sh/bun/releases/download/bun-v1.3.13/bun-linux-x64-musl.zip"

[tools.bun."platforms.linux-x64-musl-baseline"]
checksum = "sha256:88ca7c7ad235b498f549eea2f770f434e9f0f5e9ba95168a2d3a1f235184c394"
url = "https://github.com/oven-sh/bun/releases/download/bun-v1.3.13/bun-linux-x64-musl-baseline.zip"

[tools.bun."platforms.macos-arm64"]
checksum = "sha256:5467e3f65dba526b9fea98f0cce04efafc0c63e169733ec27b876a3ad32da190"
url = "https://github.com/oven-sh/bun/releases/download/bun-v1.3.13/bun-darwin-aarch64.zip"

[tools.bun."platforms.macos-x64"]
checksum = "sha256:e5a6c8b64f419925232d111ecb13e25f0abf55e54f792341f987623fd0778009"
url = "https://github.com/oven-sh/bun/releases/download/bun-v1.3.13/bun-darwin-x64.zip"

[tools.bun."platforms.macos-x64-baseline"]
checksum = "sha256:a98ba6a480f22fda9b343626b906a4e26aa53618bf85d2bc5928ecf2ba45f0ed"
url = "https://github.com/oven-sh/bun/releases/download/bun-v1.3.13/bun-darwin-x64-baseline.zip"

[tools.bun."platforms.windows-x64"]
checksum = "sha256:85b14f3e0584218e9b63407b3aa6b90c4835ec5c32435c1f12cb6fc13667c7c9"
url = "https://github.com/oven-sh/bun/releases/download/bun-v1.3.13/bun-windows-x64.zip"

[tools.bun."platforms.windows-x64-baseline"]
checksum = "sha256:c68c7903c1190101590cc1b2129835f47211b3b37ae87759f2b97d6534aa3ad1"
url = "https://github.com/oven-sh/bun/releases/download/bun-v1.3.13/bun-windows-x64-baseline.zip"

[[tools.coder]]
version = "2.24.2"
backend = "aqua:coder/coder"

[tools.coder."platforms.linux-arm64"]
checksum = "sha256:d899043bb8612d8f5edb639360b873bfe65bd1a3fa3d1546f195f9afaf3aa344"
url = "https://github.com/coder/coder/releases/download/v2.24.2/coder_2.24.2_linux_arm64.tar.gz"

[tools.coder."platforms.linux-arm64-musl"]
checksum = "sha256:d899043bb8612d8f5edb639360b873bfe65bd1a3fa3d1546f195f9afaf3aa344"
url = "https://github.com/coder/coder/releases/download/v2.24.2/coder_2.24.2_linux_arm64.tar.gz"

[tools.coder."platforms.linux-x64"]
checksum = "sha256:025ddbbc8b129d4d2f74d0246649e93ffaf12483fa50650878867a930f384ae3"
url = "https://github.com/coder/coder/releases/download/v2.24.2/coder_2.24.2_linux_amd64.tar.gz"

[tools.coder."platforms.linux-x64-musl"]
checksum = "sha256:025ddbbc8b129d4d2f74d0246649e93ffaf12483fa50650878867a930f384ae3"
url = "https://github.com/coder/coder/releases/download/v2.24.2/coder_2.24.2_linux_amd64.tar.gz"

[tools.coder."platforms.macos-arm64"]
checksum = "sha256:ec2250123ed50374b06997a29a783a04f0edc35e0b5edefed44ec7c55b3c9183"
url = "https://github.com/coder/coder/releases/download/v2.24.2/coder_2.24.2_darwin_arm64.zip"

[tools.coder."platforms.macos-x64"]
checksum = "sha256:d3e9faf4158a2202855024335b800c456e1075141c6642b92288aee1de11be71"
url = "https://github.com/coder/coder/releases/download/v2.24.2/coder_2.24.2_darwin_amd64.zip"

[tools.coder."platforms.windows-x64"]
checksum = "sha256:608b8485b4c3dfe8d60a85eead58c034ecfd2b7f195800df6705b2ce1f6b6c2d"
url = "https://github.com/coder/coder/releases/download/v2.24.2/coder_2.24.2_windows_amd64.zip"

[[tools.deno]]
version = "2.7.13"
backend = "core:deno"

[tools.deno."platforms.linux-arm64"]
checksum = "sha256:c017fa8389bd96b6b07b3416bdb8d37074ab2ff1c83a9c94f7b2a6a7da026dac"
url = "https://dl.deno.land/release/v2.7.13/deno-aarch64-unknown-linux-gnu.zip"

[tools.deno."platforms.linux-arm64-musl"]
checksum = "sha256:c017fa8389bd96b6b07b3416bdb8d37074ab2ff1c83a9c94f7b2a6a7da026dac"
url = "https://dl.deno.land/release/v2.7.13/deno-aarch64-unknown-linux-gnu.zip"

[tools.deno."platforms.linux-x64"]
checksum = "sha256:d7b452de2578742889b70a7e3cf90eb14b8e6b1bca4758380da3630d694f04ff"
url = "https://dl.deno.land/release/v2.7.13/deno-x86_64-unknown-linux-gnu.zip"

[tools.deno."platforms.linux-x64-musl"]
checksum = "sha256:d7b452de2578742889b70a7e3cf90eb14b8e6b1bca4758380da3630d694f04ff"
url = "https://dl.deno.land/release/v2.7.13/deno-x86_64-unknown-linux-gnu.zip"

[tools.deno."platforms.macos-arm64"]
checksum = "sha256:e2e63288d11e3f36855b60d77585844cbc5146600cbc7224e2d9276a35378089"
url = "https://dl.deno.land/release/v2.7.13/deno-aarch64-apple-darwin.zip"

[tools.deno."platforms.macos-x64"]
checksum = "sha256:b4153bee3c24074c83513e1a209ffc982277f88b184caccd4de9ba5113cfa2e5"
url = "https://dl.deno.land/release/v2.7.13/deno-x86_64-apple-darwin.zip"

[tools.deno."platforms.windows-x64"]
checksum = "sha256:Algorithm"
url = "https://dl.deno.land/release/v2.7.13/deno-x86_64-pc-windows-msvc.zip"

[[tools."gem:bundler"]]
version = "4.0.10"
backend = "gem:bundler"

[[tools."gem:rails"]]
version = "8.1.3"
backend = "gem:rails"

[[tools.k9s]]
version = "0.50.18"
backend = "aqua:derailed/k9s"

[tools.k9s."platforms.linux-arm64"]
checksum = "sha256:d3dcc051d6be26ee911c00f583412802ebe203a189e51bc079332cb410c83b38"
url = "https://github.com/derailed/k9s/releases/download/v0.50.18/k9s_Linux_arm64.tar.gz"

[tools.k9s."platforms.linux-arm64-musl"]
checksum = "sha256:d3dcc051d6be26ee911c00f583412802ebe203a189e51bc079332cb410c83b38"
url = "https://github.com/derailed/k9s/releases/download/v0.50.18/k9s_Linux_arm64.tar.gz"

[tools.k9s."platforms.linux-x64"]
checksum = "sha256:0b697ed4aa80997f7de4deeed6f1fba73df191b28bf691b1f28d2f45fa2a9e9b"
url = "https://github.com/derailed/k9s/releases/download/v0.50.18/k9s_Linux_amd64.tar.gz"

[tools.k9s."platforms.linux-x64-musl"]
checksum = "sha256:0b697ed4aa80997f7de4deeed6f1fba73df191b28bf691b1f28d2f45fa2a9e9b"
url = "https://github.com/derailed/k9s/releases/download/v0.50.18/k9s_Linux_amd64.tar.gz"

[tools.k9s."platforms.macos-arm64"]
checksum = "sha256:68ff1541c60620466989019e86101805c1b6c70a746b1561261a403801f7fd48"
url = "https://github.com/derailed/k9s/releases/download/v0.50.18/k9s_Darwin_arm64.tar.gz"

[tools.k9s."platforms.macos-x64"]
checksum = "sha256:80f3e30767ad3603bec9664db019e85f94493aa741d7755553ee6e47876df30e"
url = "https://github.com/derailed/k9s/releases/download/v0.50.18/k9s_Darwin_amd64.tar.gz"

[tools.k9s."platforms.windows-x64"]
checksum = "sha256:9d4e8672c4e55c04cb137475062bc88da7fc0878e04d53df181196449600da16"
url = "https://github.com/derailed/k9s/releases/download/v0.50.18/k9s_Windows_amd64.zip"

[[tools.node]]
version = "24.15.0"
backend = "core:node"

[[tools.npm]]
version = "11.14.1"
backend = "npm"

[[tools.pnpm]]
version = "10.33.1"
backend = "aqua:pnpm/pnpm"

[tools.pnpm."platforms.linux-arm64"]
checksum = "sha256:ed8aa7901cf325f4cf5019405bdd6bf988426e4b23d08fe9b12ea4df7046f23e"
url = "https://github.com/pnpm/pnpm/releases/download/v10.33.1/pnpm-linux-arm64"

[tools.pnpm."platforms.linux-arm64-musl"]
checksum = "sha256:ed8aa7901cf325f4cf5019405bdd6bf988426e4b23d08fe9b12ea4df7046f23e"
url = "https://github.com/pnpm/pnpm/releases/download/v10.33.1/pnpm-linux-arm64"

[tools.pnpm."platforms.linux-x64"]
checksum = "sha256:fba950842532edd365e949b74643b64e6311089a45532dbe1e8f909a247fe3e9"
url = "https://github.com/pnpm/pnpm/releases/download/v10.33.1/pnpm-linux-x64"

[tools.pnpm."platforms.linux-x64-musl"]
checksum = "sha256:fba950842532edd365e949b74643b64e6311089a45532dbe1e8f909a247fe3e9"
url = "https://github.com/pnpm/pnpm/releases/download/v10.33.1/pnpm-linux-x64"

[tools.pnpm."platforms.macos-arm64"]
checksum = "sha256:909ced0038b00881d4d620ba2018c5d9691de373deea8e3c84b722b44324e47c"
url = "https://github.com/pnpm/pnpm/releases/download/v10.33.1/pnpm-macos-arm64"

[tools.pnpm."platforms.macos-x64"]
checksum = "sha256:afdad60b83f4f482f4c95cc79325f29aef776d0922a324f023a312f40e0cc7d3"
url = "https://github.com/pnpm/pnpm/releases/download/v10.33.1/pnpm-macos-x64"

[tools.pnpm."platforms.windows-x64"]
checksum = "sha256:67b23fd8c6800566b1cc04c446b170ff6e7977250084e4d8df9bfdbd8e6f4d02"
url = "https://github.com/pnpm/pnpm/releases/download/v10.33.1/pnpm-win-x64.exe"

[[tools.ruby]]
version = "4.0.3"
backend = "core:ruby"

[tools.ruby."platforms.linux-arm64"]
checksum = "sha256:c91d89d625d63bb3b715a85100fcfab136493989a955fc49a872ec62634a172d"
url = "https://github.com/jdx/ruby/releases/download/4.0.3-1/ruby-4.0.3.arm64_linux.tar.gz"
provenance = "github-attestations"

[tools.ruby."platforms.linux-arm64-musl"]
checksum = "sha256:c91d89d625d63bb3b715a85100fcfab136493989a955fc49a872ec62634a172d"
url = "https://github.com/jdx/ruby/releases/download/4.0.3-1/ruby-4.0.3.arm64_linux.tar.gz"
provenance = "github-attestations"

[tools.ruby."platforms.linux-x64"]
checksum = "sha256:becd14e477a1b32a37a86be6fd8b0980f276d8c365b122c0ff4c644beb8991f8"
url = "https://github.com/jdx/ruby/releases/download/4.0.3-1/ruby-4.0.3.x86_64_linux.tar.gz"
provenance = "github-attestations"

[tools.ruby."platforms.linux-x64-musl"]
checksum = "sha256:becd14e477a1b32a37a86be6fd8b0980f276d8c365b122c0ff4c644beb8991f8"
url = "https://github.com/jdx/ruby/releases/download/4.0.3-1/ruby-4.0.3.x86_64_linux.tar.gz"
provenance = "github-attestations"

[tools.ruby."platforms.macos-arm64"]
checksum = "sha256:aafcce49654b91b78e5bc6c0cb1d6973b3ded260aeba21948ba1db5fe3038489"
url = "https://github.com/jdx/ruby/releases/download/4.0.3-1/ruby-4.0.3.macos.tar.gz"
provenance = "github-attestations"

[tools.ruby."platforms.macos-x64"]
checksum = "sha256:77964acc370d5c8375b9502e5ba6c13c03ef91ab9eb9f521c84fb42b9c9a6b0f"
url = "https://cache.ruby-lang.org/pub/ruby/4.0/ruby-4.0.3.tar.gz"

[tools.ruby."platforms.windows-x64"]
checksum = "sha256:a4094317397511e09242be1c95b32c8700fe91ebca713fb4e190de595eea5699"
url = "https://github.com/oneclick/rubyinstaller2/releases/download/RubyInstaller-4.0.3-1/rubyinstaller-4.0.3-1-x64.7z"
